
Microsoft Visual Studio Solution File, Format Version 12.00
# Visual Studio Version 16
VisualStudioVersion = 16.0.30621.155
MinimumVisualStudioVersion = 10.0.40219.1
Project("{9A19103F-16F7-4668-BE54-9A1E7A4F7556}") = "TicTacToe", "TicTacToe\TicTacToe.csproj", "{4D05F11B-B9C0-40AF-B3CC-96E9A7FE8ADB}"
EndProject
Project("{54435603-DBB4-11D2-8724-00A0C9A8B90C}") = "Tic Tac Toe Setup", "Tic Tac Toe Setup\Tic Tac Toe Setup.vdproj", "{C15BD44E-6124-4BF8-8AD4-C85D668E808A}"
EndProject
Global
	GlobalSection(SolutionConfigurationPlatforms) = preSolution
		Debug|Any CPU = Debug|Any CPU
		Release|Any CPU = Release|Any CPU
	EndGlobalSection
	GlobalSection(ProjectConfigurationPlatforms) = postSolution
		{4D05F11B-B9C0-40AF-B3CC-96E9A7FE8ADB}.Debug|Any CPU.ActiveCfg = Debug|Any CPU
		{4D05F11B-B9C0-40AF-B3CC-96E9A7FE8ADB}.Debug|Any CPU.Build.0 = Debug|Any CPU
		{4D05F11B-B9C0-40AF-B3CC-96E9A7FE8ADB}.Release|Any CPU.ActiveCfg = Release|Any CPU
		{4D05F11B-B9C0-40AF-B3CC-96E9A7FE8ADB}.Release|Any CPU.Build.0 = Release|Any CPU
		{C15BD44E-6124-4BF8-8AD4-C85D668E808A}.Debug|Any CPU.ActiveCfg = Debug
		{C15BD44E-6124-4BF8-8AD4-C85D668E808A}.Release|Any CPU.ActiveCfg = Release
	EndGlobalSection
	GlobalSection(SolutionProperties) = preSolution
		HideSolutionNode = FALSE
	EndGlobalSection
	GlobalSection(ExtensibilityGlobals) = postSolution
		SolutionGuid = {ACF86AB9-313B-4EB3-89EF-D47B1E261289}
	EndGlobalSection
EndGlobal
